// !$*UTF8*$!
{
	archiveVersion = 1;
	classes = {
	};
	objectVersion = 51;
	objects = {

/* Begin PBXBuildFile section */
		082808C522954CB400D095D0 /* AppDelegate.swift in Sources */ = {isa = PBXBuildFile; fileRef = 082808C422954CB400D095D0 /* AppDelegate.swift */; };
		082808C722954CB400D095D0 /* ViewController.swift in Sources */ = {isa = PBXBuildFile; fileRef = 082808C622954CB400D095D0 /* ViewController.swift */; };
		082808CA22954CB400D095D0 /* Main.storyboard in Resources */ = {isa = PBXBuildFile; fileRef = 082808C822954CB400D095D0 /* Main.storyboard */; };
		082808CC22954CB400D095D0 /* Assets.xcassets in Resources */ = {isa = PBXBuildFile; fileRef = 082808CB22954CB400D095D0 /* Assets.xcassets */; };
		082808CF22954CB400D095D0 /* LaunchScreen.storyboard in Resources */ = {isa = PBXBuildFile; fileRef = 082808CD22954CB400D095D0 /* LaunchScreen.storyboard */; };
		082808DA22954CB400D095D0 /* SampleTests.swift in Sources */ = {isa = PBXBuildFile; fileRef = 082808D922954CB400D095D0 /* SampleTests.swift */; };
		082808E62295604500D095D0 /* json_simple_corrupted.json in Resources */ = {isa = PBXBuildFile; fileRef = 082808E42295604500D095D0 /* json_simple_corrupted.json */; };
		082808E72295604500D095D0 /* json_simple.json in Resources */ = {isa = PBXBuildFile; fileRef = 082808E52295604500D095D0 /* json_simple.json */; };
		E1B5DAA9C4FAACE8E327FE94 /* Pods_Sample.framework in Frameworks */ = {isa = PBXBuildFile; fileRef = B8C3645A6A8BCF9AD3063229 /* Pods_Sample.framework */; };
		F36727010A5EA07E2FEAD0E8 /* Pods_SampleTests.framework in Frameworks */ = {isa = PBXBuildFile; fileRef = 8C01C2F8A8035200AAC1D054 /* Pods_SampleTests.framework */; };
/* End PBXBuildFile section */

/* Begin PBXContainerItemProxy section */
		082808D622954CB400D095D0 /* PBXContainerItemProxy */ = {
			isa = PBXContainerItemProxy;
			containerPortal = 082808B922954CB400D095D0 /* Project object */;
			proxyType = 1;
			remoteGlobalIDString = 082808C022954CB400D095D0;
			remoteInfo = Sample;
		};
/* End PBXContainerItemProxy section */

/* Begin PBXFileReference section */
		082808C122954CB400D095D0 /* Sample.app */ = {isa = PBXFileReference; explicitFileType = wrapper.application; includeInIndex = 0; path = Sample.app; sourceTree = BUILT_PRODUCTS_DIR; };
		082808C422954CB400D095D0 /* AppDelegate.swift */ = {isa = PBXFileReference; lastKnownFileType = sourcecode.swift; path = AppDelegate.swift; sourceTree = "<group>"; };
		082808C622954CB400D095D0 /* ViewController.swift */ = {isa = PBXFileReference; lastKnownFileType = sourcecode.swift; path = ViewController.swift; sourceTree = "<group>"; };
		082808C922954CB400D095D0 /* Base */ = {isa = PBXFileReference; lastKnownFileType = file.storyboard; name = Base; path = Base.lproj/Main.storyboard; sourceTree = "<group>"; };
		082808CB22954CB400D095D0 /* Assets.xcassets */ = {isa = PBXFileReference; lastKnownFileType = folder.assetcatalog; path = Assets.xcassets; sourceTree = "<group>"; };
		082808CE22954CB400D095D0 /* Base */ = {isa = PBXFileReference; lastKnownFileType = file.storyboard; name = Base; path = Base.lproj/LaunchScreen.storyboard; sourceTree = "<group>"; };
		082808D022954CB400D095D0 /* Info.plist */ = {isa = PBXFileReference; lastKnownFileType = text.plist.xml; path = Info.plist; sourceTree = "<group>"; };
		082808D522954CB400D095D0 /* SampleTests.xctest */ = {isa = PBXFileReference; explicitFileType = wrapper.cfbundle; includeInIndex = 0; path = SampleTests.xctest; sourceTree = BUILT_PRODUCTS_DIR; };
		082808D922954CB400D095D0 /* SampleTests.swift */ = {isa = PBXFileReference; lastKnownFileType = sourcecode.swift; path = SampleTests.swift; sourceTree = "<group>"; };
		082808DB22954CB400D095D0 /* Info.plist */ = {isa = PBXFileReference; lastKnownFileType = text.plist.xml; path = Info.plist; sourceTree = "<group>"; };
		082808E42295604500D095D0 /* json_simple_corrupted.json */ = {isa = PBXFileReference; fileEncoding = 4; lastKnownFileType = text.json; path = json_simple_corrupted.json; sourceTree = "<group>"; };
		082808E52295604500D095D0 /* json_simple.json */ = {isa = PBXFileReference; fileEncoding = 4; lastKnownFileType = text.json; path = json_simple.json; sourceTree = "<group>"; };
		640630B77562D6F05D9A0849 /* Pods-Sample.release.xcconfig */ = {isa = PBXFileReference; includeInIndex = 1; lastKnownFileType = text.xcconfig; name = "Pods-Sample.release.xcconfig"; path = "Target Support Files/Pods-Sample/Pods-Sample.release.xcconfig"; sourceTree = "<group>"; };
		7A91F8F71449349FC100D611 /* Pods-SampleTests.release.xcconfig */ = {isa = PBXFileReference; includeInIndex = 1; lastKnownFileType = text.xcconfig; name = "Pods-SampleTests.release.xcconfig"; path = "Target Support Files/Pods-SampleTests/Pods-SampleTests.release.xcconfig"; sourceTree = "<group>"; };
		88FE9746CBBCA7C726145F44 /* Pods-SampleTests.debug.xcconfig */ = {isa = PBXFileReference; includeInIndex = 1; lastKnownFileType = text.xcconfig; name = "Pods-SampleTests.debug.xcconfig"; path = "Target Support Files/Pods-SampleTests/Pods-SampleTests.debug.xcconfig"; sourceTree = "<group>"; };
		8C01C2F8A8035200AAC1D054 /* Pods_SampleTests.framework */ = {isa = PBXFileReference; explicitFileType = wrapper.framework; includeInIndex = 0; path = Pods_SampleTests.framework; sourceTree = BUILT_PRODUCTS_DIR; };
		B206B3AEB64DCAC1A25157E9 /* Pods-Sample.debug.xcconfig */ = {isa = PBXFileReference; includeInIndex = 1; lastKnownFileType = text.xcconfig; name = "Pods-Sample.debug.xcconfig"; path = "Target Support Files/Pods-Sample/Pods-Sample.debug.xcconfig"; sourceTree = "<group>"; };
		B8C3645A6A8BCF9AD3063229 /* Pods_Sample.framework */ = {isa = PBXFileReference; explicitFileType = wrapper.framework; includeInIndex = 0; path = Pods_Sample.framework; sourceTree = BUILT_PRODUCTS_DIR; };
/* End PBXFileReference section */

/* Begin PBXFrameworksBuildPhase section */
		082808BE22954CB400D095D0 /* Frameworks */ = {
			isa = PBXFrameworksBuildPhase;
			buildActionMask = 2147483647;
			files = (
				E1B5DAA9C4FAACE8E327FE94 /* Pods_Sample.framework in Frameworks */,
			);
			runOnlyForDeploymentPostprocessing = 0;
		};
		082808D222954CB400D095D0 /* Frameworks */ = {
			isa = PBXFrameworksBuildPhase;
			buildActionMask = 2147483647;
			files = (
				F36727010A5EA07E2FEAD0E8 /* Pods_SampleTests.framework in Frameworks */,
			);
			runOnlyForDeploymentPostprocessing = 0;
		};
/* End PBXFrameworksBuildPhase section */

/* Begin PBXGroup section */
		04ED265D18A418D5F6862F85 /* Frameworks */ = {
			isa = PBXGroup;
			children = (
				B8C3645A6A8BCF9AD3063229 /* Pods_Sample.framework */,
				8C01C2F8A8035200AAC1D054 /* Pods_SampleTests.framework */,
			);
			name = Frameworks;
			sourceTree = "<group>";
		};
		082808B822954CB400D095D0 = {
			isa = PBXGroup;
			children = (
				082808C322954CB400D095D0 /* Sample */,
				082808D822954CB400D095D0 /* SampleTests */,
				082808C222954CB400D095D0 /* Products */,
				EFAE80F7C98F03985AD2E145 /* Pods */,
				04ED265D18A418D5F6862F85 /* Frameworks */,
			);
			sourceTree = "<group>";
		};
		082808C222954CB400D095D0 /* Products */ = {
			isa = PBXGroup;
			children = (
				082808C122954CB400D095D0 /* Sample.app */,
				082808D522954CB400D095D0 /* SampleTests.xctest */,
			);
			name = Products;
			sourceTree = "<group>";
		};
		082808C322954CB400D095D0 /* Sample */ = {
			isa = PBXGroup;
			children = (
				082808E42295604500D095D0 /* json_simple_corrupted.json */,
				082808E52295604500D095D0 /* json_simple.json */,
				082808C422954CB400D095D0 /* AppDelegate.swift */,
				082808C622954CB400D095D0 /* ViewController.swift */,
				082808C822954CB400D095D0 /* Main.storyboard */,
				082808CB22954CB400D095D0 /* Assets.xcassets */,
				082808CD22954CB400D095D0 /* LaunchScreen.storyboard */,
				082808D022954CB400D095D0 /* Info.plist */,
			);
			path = Sample;
			sourceTree = "<group>";
		};
		082808D822954CB400D095D0 /* SampleTests */ = {
			isa = PBXGroup;
			children = (
				082808D922954CB400D095D0 /* SampleTests.swift */,
				082808DB22954CB400D095D0 /* Info.plist */,
			);
			path = SampleTests;
			sourceTree = "<group>";
		};
		EFAE80F7C98F03985AD2E145 /* Pods */ = {
			isa = PBXGroup;
			children = (
				B206B3AEB64DCAC1A25157E9 /* Pods-Sample.debug.xcconfig */,
				640630B77562D6F05D9A0849 /* Pods-Sample.release.xcconfig */,
				88FE9746CBBCA7C726145F44 /* Pods-SampleTests.debug.xcconfig */,
				7A91F8F71449349FC100D611 /* Pods-SampleTests.release.xcconfig */,
			);
			path = Pods;
			sourceTree = "<group>";
		};
/* End PBXGroup section */

/* Begin PBXNativeTarget section */
		082808C022954CB400D095D0 /* Sample */ = {
			isa = PBXNativeTarget;
			buildConfigurationList = 082808DE22954CB400D095D0 /* Build configuration list for PBXNativeTarget "Sample" */;
			buildPhases = (
				702AA5389BD6B003CC3BA274 /* [CP] Check Pods Manifest.lock */,
				082808BD22954CB400D095D0 /* Sources */,
				082808BE22954CB400D095D0 /* Frameworks */,
				082808BF22954CB400D095D0 /* Resources */,
				0AE51A5DEA81274AD12CDE1A /* [CP] Embed Pods Frameworks */,
			);
			buildRules = (
			);
			dependencies = (
			);
			name = Sample;
			productName = Sample;
			productReference = 082808C122954CB400D095D0 /* Sample.app */;
			productType = "com.apple.product-type.application";
		};
		082808D422954CB400D095D0 /* SampleTests */ = {
			isa = PBXNativeTarget;
			buildConfigurationList = 082808E122954CB400D095D0 /* Build configuration list for PBXNativeTarget "SampleTests" */;
			buildPhases = (
				11591BE3BA8173552110D760 /* [CP] Check Pods Manifest.lock */,
				082808D122954CB400D095D0 /* Sources */,
				082808D222954CB400D095D0 /* Frameworks */,
				082808D322954CB400D095D0 /* Resources */,
				D3C58CC602BF9A660A895E67 /* [CP] Embed Pods Frameworks */,
			);
			buildRules = (
			);
			dependencies = (
				082808D722954CB400D095D0 /* PBXTargetDependency */,
			);
			name = SampleTests;
			productName = SampleTests;
			productReference = 082808D522954CB400D095D0 /* SampleTests.xctest */;
			productType = "com.apple.product-type.bundle.unit-test";
		};
/* End PBXNativeTarget section */

/* Begin PBXProject section */
		082808B922954CB400D095D0 /* Project object */ = {
			isa = PBXProject;
			attributes = {
				LastSwiftUpdateCheck = 1020;
				LastUpgradeCheck = 1020;
				ORGANIZATIONNAME = "Ahmet Akbal";
				TargetAttributes = {
					082808C022954CB400D095D0 = {
						CreatedOnToolsVersion = 10.2.1;
					};
					082808D422954CB400D095D0 = {
						CreatedOnToolsVersion = 10.2.1;
						TestTargetID = 082808C022954CB400D095D0;
					};
				};
			};
			buildConfigurationList = 082808BC22954CB400D095D0 /* Build configuration list for PBXProject "Sample" */;
			compatibilityVersion = "Xcode 9.3";
			developmentRegion = en;
			hasScannedForEncodings = 0;
			knownRegions = (
				en,
				Base,
			);
			mainGroup = 082808B822954CB400D095D0;
			productRefGroup = 082808C222954CB400D095D0 /* Products */;
			projectDirPath = "";
			projectRoot = "";
			targets = (
				082808C022954CB400D095D0 /* Sample */,
				082808D422954CB400D095D0 /* SampleTests */,
			);
		};
/* End PBXProject section */

/* Begin PBXResourcesBuildPhase section */
		082808BF22954CB400D095D0 /* Resources */ = {
			isa = PBXResourcesBuildPhase;
			buildActionMask = 2147483647;
			files = (
				082808E62295604500D095D0 /* json_simple_corrupted.json in Resources */,
				082808CF22954CB400D095D0 /* LaunchScreen.storyboard in Resources */,
				082808CC22954CB400D095D0 /* Assets.xcassets in Resources */,
				082808CA22954CB400D095D0 /* Main.storyboard in Resources */,
				082808E72295604500D095D0 /* json_simple.json in Resources */,
			);
			runOnlyForDeploymentPostprocessing = 0;
		};
		082808D322954CB400D095D0 /* Resources */ = {
			isa = PBXResourcesBuildPhase;
			buildActionMask = 2147483647;
			files = (
			);
			runOnlyForDeploymentPostprocessing = 0;
		};
/* End PBXResourcesBuildPhase section */

/* Begin PBXShellScriptBuildPhase section */
		0AE51A5DEA81274AD12CDE1A /* [CP] Embed Pods Frameworks */ = {
			isa = PBXShellScriptBuildPhase;
			buildActionMask = 2147483647;
			files = (
			);
			inputFileListPaths = (
				"${PODS_ROOT}/Target Support Files/Pods-Sample/Pods-Sample-frameworks-${CONFIGURATION}-input-files.xcfilelist",
			);
			name = "[CP] Embed Pods Frameworks";
			outputFileListPaths = (
				"${PODS_ROOT}/Target Support Files/Pods-Sample/Pods-Sample-frameworks-${CONFIGURATION}-output-files.xcfilelist",
			);
			runOnlyForDeploymentPostprocessing = 0;
			shellPath = /bin/sh;
			shellScript = "\"${PODS_ROOT}/Target Support Files/Pods-Sample/Pods-Sample-frameworks.sh\"\n";
			showEnvVarsInLog = 0;
		};
		11591BE3BA8173552110D760 /* [CP] Check Pods Manifest.lock */ = {
			isa = PBXShellScriptBuildPhase;
			buildActionMask = 2147483647;
			files = (
			);
			inputFileListPaths = (
			);
			inputPaths = (
				"${PODS_PODFILE_DIR_PATH}/Podfile.lock",
				"${PODS_ROOT}/Manifest.lock",
			);
			name = "[CP] Check Pods Manifest.lock";
			outputFileListPaths = (
			);
			outputPaths = (
				"$(DERIVED_FILE_DIR)/Pods-SampleTests-checkManifestLockResult.txt",
			);
			runOnlyForDeploymentPostprocessing = 0;
			shellPath = /bin/sh;
			shellScript = "diff \"${PODS_PODFILE_DIR_PATH}/Podfile.lock\" \"${PODS_ROOT}/Manifest.lock\" > /dev/null\nif [ $? != 0 ] ; then\n    # print error to STDERR\n    echo \"error: The sandbox is not in sync with the Podfile.lock. Run 'pod install' or update your CocoaPods installation.\" >&2\n    exit 1\nfi\n# This output is used by Xcode 'outputs' to avoid re-running this script phase.\necho \"SUCCESS\" > \"${SCRIPT_OUTPUT_FILE_0}\"\n";
			showEnvVarsInLog = 0;
		};
		702AA5389BD6B003CC3BA274 /* [CP] Check Pods Manifest.lock */ = {
			isa = PBXShellScriptBuildPhase;
			buildActionMask = 2147483647;
			files = (
			);
			inputFileListPaths = (
			);
			inputPaths = (
				"${PODS_PODFILE_DIR_PATH}/Podfile.lock",
				"${PODS_ROOT}/Manifest.lock",
			);
			name = "[CP] Check Pods Manifest.lock";
			outputFileListPaths = (
			);
			outputPaths = (
				"$(DERIVED_FILE_DIR)/Pods-Sample-checkManifestLockResult.txt",
			);
			runOnlyForDeploymentPostprocessing = 0;
			shellPath = /bin/sh;
			shellScript = "diff \"${PODS_PODFILE_DIR_PATH}/Podfile.lock\" \"${PODS_ROOT}/Manifest.lock\" > /dev/null\nif [ $? != 0 ] ; then\n    # print error to STDERR\n    echo \"error: The sandbox is not in sync with the Podfile.lock. Run 'pod install' or update your CocoaPods installation.\" >&2\n    exit 1\nfi\n# This output is used by Xcode 'outputs' to avoid re-running this script phase.\necho \"SUCCESS\" > \"${SCRIPT_OUTPUT_FILE_0}\"\n";
			showEnvVarsInLog = 0;
		};
		D3C58CC602BF9A660A895E67 /* [CP] Embed Pods Frameworks */ = {
			isa = PBXShellScriptBuildPhase;
			buildActionMask = 2147483647;
			files = (
			);
			inputFileListPaths = (
				"${PODS_ROOT}/Target Support Files/Pods-SampleTests/Pods-SampleTests-frameworks-${CONFIGURATION}-input-files.xcfilelist",
			);
			name = "[CP] Embed Pods Frameworks";
			outputFileListPaths = (
				"${PODS_ROOT}/Target Support Files/Pods-SampleTests/Pods-SampleTests-frameworks-${CONFIGURATION}-output-files.xcfilelist",
			);
			runOnlyForDeploymentPostprocessing = 0;
			shellPath = /bin/sh;
			shellScript = "\"${PODS_ROOT}/Target Support Files/Pods-SampleTests/Pods-SampleTests-frameworks.sh\"\n";
			showEnvVarsInLog = 0;
		};
/* End PBXShellScriptBuildPhase section */

/* Begin PBXSourcesBuildPhase section */
		082808BD22954CB400D095D0 /* Sources */ = {
			isa = PBXSourcesBuildPhase;
			buildActionMask = 2147483647;
			files = (
				082808C722954CB400D095D0 /* ViewController.swift in Sources */,
				082808C522954CB400D095D0 /* AppDelegate.swift in Sources */,
			);
			runOnlyForDeploymentPostprocessing = 0;
		};
		082808D122954CB400D095D0 /* Sources */ = {
			isa = PBXSourcesBuildPhase;
			buildActionMask = 2147483647;
			files = (
				082808DA22954CB400D095D0 /* SampleTests.swift in Sources */,
			);
			runOnlyForDeploymentPostprocessing = 0;
		};
/* End PBXSourcesBuildPhase section */

/* Begin PBXTargetDependency section */
		082808D722954CB400D095D0 /* PBXTargetDependency */ = {
			isa = PBXTargetDependency;
			target = 082808C022954CB400D095D0 /* Sample */;
			targetProxy = 082808D622954CB400D095D0 /* PBXContainerItemProxy */;
		};
/* End PBXTargetDependency section */

/* Begin PBXVariantGroup section */
		082808C822954CB400D095D0 /* Main.storyboard */ = {
			isa = PBXVariantGroup;
			children = (
				082808C922954CB400D095D0 /* Base */,
			);
			name = Main.storyboard;
			sourceTree = "<group>";
		};
		082808CD22954CB400D095D0 /* LaunchScreen.storyboard */ = {
			isa = PBXVariantGroup;
			children = (
				082808CE22954CB400D095D0 /* Base */,
			);
			name = LaunchScreen.storyboard;
			sourceTree = "<group>";
		};
/* End PBXVariantGroup section */

/* Begin XCBuildConfiguration section */
		082808DC22954CB400D095D0 /* Debug */ = {
			isa = XCBuildConfiguration;
			buildSettings = {
				ALWAYS_SEARCH_USER_PATHS = NO;
				CLANG_ANALYZER_NONNULL = YES;
				CLANG_ANALYZER_NUMBER_OBJECT_CONVERSION = YES_AGGRESSIVE;
				CLANG_CXX_LANGUAGE_STANDARD = "gnu++14";
				CLANG_CXX_LIBRARY = "libc++";
				CLANG_ENABLE_MODULES = YES;
				CLANG_ENABLE_OBJC_ARC = YES;
				CLANG_ENABLE_OBJC_WEAK = YES;
				CLANG_WARN_BLOCK_CAPTURE_AUTORELEASING = YES;
				CLANG_WARN_BOOL_CONVERSION = YES;
				CLANG_WARN_COMMA = YES;
				CLANG_WARN_CONSTANT_CONVERSION = YES;
				CLANG_WARN_DEPRECATED_OBJC_IMPLEMENTATIONS = YES;
				CLANG_WARN_DIRECT_OBJC_ISA_USAGE = YES_ERROR;
				CLANG_WARN_DOCUMENTATION_COMMENTS = YES;
				CLANG_WARN_EMPTY_BODY = YES;
				CLANG_WARN_ENUM_CONVERSION = YES;
				CLANG_WARN_INFINITE_RECURSION = YES;
				CLANG_WARN_INT_CONVERSION = YES;
				CLANG_WARN_NON_LITERAL_NULL_CONVERSION = YES;
				CLANG_WARN_OBJC_IMPLICIT_RETAIN_SELF = YES;
				CLANG_WARN_OBJC_LITERAL_CONVERSION = YES;
				CLANG_WARN_OBJC_ROOT_CLASS = YES_ERROR;
				CLANG_WARN_RANGE_LOOP_ANALYSIS = YES;
				CLANG_WARN_STRICT_PROTOTYPES = YES;
				CLANG_WARN_SUSPICIOUS_MOVE = YES;
				CLANG_WARN_UNGUARDED_AVAILABILITY = YES_AGGRESSIVE;
				CLANG_WARN_UNREACHABLE_CODE = YES;
				CLANG_WARN__DUPLICATE_METHOD_MATCH = YES;
				CODE_SIGN_IDENTITY = "iPhone Developer";
				COPY_PHASE_STRIP = NO;
				DEBUG_INFORMATION_FORMAT = dwarf;
				ENABLE_STRICT_OBJC_MSGSEND = YES;
				ENABLE_TESTABILITY = YES;
				GCC_C_LANGUAGE_STANDARD = gnu11;
				GCC_DYNAMIC_NO_PIC = NO;
				GCC_NO_COMMON_BLOCKS = YES;
				GCC_OPTIMIZATION_LEVEL = 0;
				GCC_PREPROCESSOR_DEFINITIONS = (
					"DEBUG=1",
					"$(inherited)",
				);
				GCC_WARN_64_TO_32_BIT_CONVERSION = YES;
				GCC_WARN_ABOUT_RETURN_TYPE = YES_ERROR;
				GCC_WARN_UNDECLARED_SELECTOR = YES;
				GCC_WARN_UNINITIALIZED_AUTOS = YES_AGGRESSIVE;
				GCC_WARN_UNUSED_FUNCTION = YES;
				GCC_WARN_UNUSED_VARIABLE = YES;
				IPHONEOS_DEPLOYMENT_TARGET = 12.2;
				MTL_ENABLE_DEBUG_INFO = INCLUDE_SOURCE;
				MTL_FAST_MATH = YES;
				ONLY_ACTIVE_ARCH = YES;
				SDKROOT = iphoneos;
				SWIFT_ACTIVE_COMPILATION_CONDITIONS = DEBUG;
				SWIFT_OPTIMIZATION_LEVEL = "-Onone";
			};
			name = Debug;
		};
		082808DD22954CB400D095D0 /* Release */ = {
			isa = XCBuildConfiguration;
			buildSettings = {
				ALWAYS_SEARCH_USER_PATHS = NO;
				CLANG_ANALYZER_NONNULL = YES;
				CLANG_ANALYZER_NUMBER_OBJECT_CONVERSION = YES_AGGRESSIVE;
				CLANG_CXX_LANGUAGE_STANDARD = "gnu++14";
				CLANG_CXX_LIBRARY = "libc++";
				CLANG_ENABLE_MODULES = YES;
				CLANG_ENABLE_OBJC_ARC = YES;
				CLANG_ENABLE_OBJC_WEAK = YES;
				CLANG_WARN_BLOCK_CAPTURE_AUTORELEASING = YES;
				CLANG_WARN_BOOL_CONVERSION = YES;
				CLANG_WARN_COMMA = YES;
				CLANG_WARN_CONSTANT_CONVERSION = YES;
				CLANG_WARN_DEPRECATED_OBJC_IMPLEMENTATIONS = YES;
				CLANG_WARN_DIRECT_OBJC_ISA_USAGE = YES_ERROR;
				CLANG_WARN_DOCUMENTATION_COMMENTS = YES;
				CLANG_WARN_EMPTY_BODY = YES;
				CLANG_WARN_ENUM_CONVERSION = YES;
				CLANG_WARN_INFINITE_RECURSION = YES;
				CLANG_WARN_INT_CONVERSION = YES;
				CLANG_WARN_NON_LITERAL_NULL_CONVERSION = YES;
				CLANG_WARN_OBJC_IMPLICIT_RETAIN_SELF = YES;
				CLANG_WARN_OBJC_LITERAL_CONVERSION = YES;
				CLANG_WARN_OBJC_ROOT_CLASS = YES_ERROR;
				CLANG_WARN_RANGE_LOOP_ANALYSIS = YES;
				CLANG_WARN_STRICT_PROTOTYPES = YES;
				CLANG_WARN_SUSPICIOUS_MOVE = YES;
				CLANG_WARN_UNGUARDED_AVAILABILITY = YES_AGGRESSIVE;
				CLANG_WARN_UNREACHABLE_CODE = YES;
				CLANG_WARN__DUPLICATE_METHOD_MATCH = YES;
				CODE_SIGN_IDENTITY = "iPhone Developer";
				COPY_PHASE_STRIP = NO;
				DEBUG_INFORMATION_FORMAT = "dwarf-with-dsym";
				ENABLE_NS_ASSERTIONS = NO;
				ENABLE_STRICT_OBJC_MSGSEND = YES;
				GCC_C_LANGUAGE_STANDARD = gnu11;
				GCC_NO_COMMON_BLOCKS = YES;
				GCC_WARN_64_TO_32_BIT_CONVERSION = YES;
				GCC_WARN_ABOUT_RETURN_TYPE = YES_ERROR;
				GCC_WARN_UNDECLARED_SELECTOR = YES;
				GCC_WARN_UNINITIALIZED_AUTOS = YES_AGGRESSIVE;
				GCC_WARN_UNUSED_FUNCTION = YES;
				GCC_WARN_UNUSED_VARIABLE = YES;
				IPHONEOS_DEPLOYMENT_TARGET = 12.2;
				MTL_ENABLE_DEBUG_INFO = NO;
				MTL_FAST_MATH = YES;
				SDKROOT = iphoneos;
				SWIFT_COMPILATION_MODE = wholemodule;
				SWIFT_OPTIMIZATION_LEVEL = "-O";
				VALIDATE_PRODUCT = YES;
			};
			name = Release;
		};
		082808DF22954CB400D095D0 /* Debug */ = {
			isa = XCBuildConfiguration;
			baseConfigurationReference = B206B3AEB64DCAC1A25157E9 /* Pods-Sample.debug.xcconfig */;
			buildSettings = {
				ASSETCATALOG_COMPILER_APPICON_NAME = AppIcon;
				CODE_SIGN_STYLE = Automatic;
				DEVELOPMENT_TEAM = ZKNRVN92RA;
				INFOPLIST_FILE = Sample/Info.plist;
				LD_RUNPATH_SEARCH_PATHS = (
					"$(inherited)",
					"@executable_path/Frameworks",
				);
				PRODUCT_BUNDLE_IDENTIFIER = de.apploft.TestInterfaceJSONDataDecoder.Sample;
				PRODUCT_NAME = "$(TARGET_NAME)";
				SWIFT_VERSION = 5.0;
				TARGETED_DEVICE_FAMILY = "1,2";
			};
			name = Debug;
		};
		082808E022954CB400D095D0 /* Release */ = {
			isa = XCBuildConfiguration;
			baseConfigurationReference = 640630B77562D6F05D9A0849 /* Pods-Sample.release.xcconfig */;
			buildSettings = {
				ASSETCATALOG_COMPILER_APPICON_NAME = AppIcon;
				CODE_SIGN_STYLE = Automatic;
				DEVELOPMENT_TEAM = ZKNRVN92RA;
				INFOPLIST_FILE = Sample/Info.plist;
				LD_RUNPATH_SEARCH_PATHS = (
					"$(inherited)",
					"@executable_path/Frameworks",
				);
				PRODUCT_BUNDLE_IDENTIFIER = de.apploft.TestInterfaceJSONDataDecoder.Sample;
				PRODUCT_NAME = "$(TARGET_NAME)";
				SWIFT_VERSION = 5.0;
				TARGETED_DEVICE_FAMILY = "1,2";
			};
			name = Release;
		};
		082808E222954CB400D095D0 /* Debug */ = {
			isa = XCBuildConfiguration;
			baseConfigurationReference = 88FE9746CBBCA7C726145F44 /* Pods-SampleTests.debug.xcconfig */;
			buildSettings = {
				ALWAYS_EMBED_SWIFT_STANDARD_LIBRARIES = YES;
				BUNDLE_LOADER = "$(TEST_HOST)";
				CODE_SIGN_STYLE = Automatic;
				DEVELOPMENT_TEAM = 2B2VRDUT8M;
				INFOPLIST_FILE = SampleTests/Info.plist;
				LD_RUNPATH_SEARCH_PATHS = (
					"$(inherited)",
					"@executable_path/Frameworks",
					"@loader_path/Frameworks",
				);
				PRODUCT_BUNDLE_IDENTIFIER = de.apploft.TestInterfaceJSONDataDecoder.SampleTests;
				PRODUCT_NAME = "$(TARGET_NAME)";
				SWIFT_VERSION = 5.0;
				TARGETED_DEVICE_FAMILY = "1,2";
				TEST_HOST = "$(BUILT_PRODUCTS_DIR)/Sample.app/Sample";
			};
			name = Debug;
		};
		082808E322954CB400D095D0 /* Release */ = {
			isa = XCBuildConfiguration;
			baseConfigurationReference = 7A91F8F71449349FC100D611 /* Pods-SampleTests.release.xcconfig */;
			buildSettings = {
				ALWAYS_EMBED_SWIFT_STANDARD_LIBRARIES = YES;
				BUNDLE_LOADER = "$(TEST_HOST)";
				CODE_SIGN_STYLE = Automatic;
				DEVELOPMENT_TEAM = 2B2VRDUT8M;
				INFOPLIST_FILE = SampleTests/Info.plist;
				LD_RUNPATH_SEARCH_PATHS = (
					"$(inherited)",
					"@executable_path/Frameworks",
					"@loader_path/Frameworks",
				);
				PRODUCT_BUNDLE_IDENTIFIER = de.apploft.TestInterfaceJSONDataDecoder.SampleTests;
				PRODUCT_NAME = "$(TARGET_NAME)";
				SWIFT_VERSION = 5.0;
				TARGETED_DEVICE_FAMILY = "1,2";
				TEST_HOST = "$(BUILT_PRODUCTS_DIR)/Sample.app/Sample";
			};
			name = Release;
		};
/* End XCBuildConfiguration section */

/* Begin XCConfigurationList section */
		082808BC22954CB400D095D0 /* Build configuration list for PBXProject "Sample" */ = {
			isa = XCConfigurationList;
			buildConfigurations = (
				082808DC22954CB400D095D0 /* Debug */,
				082808DD22954CB400D095D0 /* Release */,
			);
			defaultConfigurationIsVisible = 0;
			defaultConfigurationName = Release;
		};
		082808DE22954CB400D095D0 /* Build configuration list for PBXNativeTarget "Sample" */ = {
			isa = XCConfigurationList;
			buildConfigurations = (
				082808DF22954CB400D095D0 /* Debug */,
				082808E022954CB400D095D0 /* Release */,
			);
			defaultConfigurationIsVisible = 0;
			defaultConfigurationName = Release;
		};
		082808E122954CB400D095D0 /* Build configuration list for PBXNativeTarget "SampleTests" */ = {
			isa = XCConfigurationList;
			buildConfigurations = (
				082808E222954CB400D095D0 /* Debug */,
				082808E322954CB400D095D0 /* Release */,
			);
			defaultConfigurationIsVisible = 0;
			defaultConfigurationName = Release;
		};
/* End XCConfigurationList section */
	};
	rootObject = 082808B922954CB400D095D0 /* Project object */;
}
