// !$*UTF8*$!
{
	archiveVersion = 1;
	classes = {
	};
	objectVersion = 50;
	objects = {

/* Begin PBXBuildFile section */
		829BC96521637F2900E188B9 /* APLNetworkLayer.framework in Frameworks */ = {isa = PBXBuildFile; fileRef = 829BC95C21637F2800E188B9 /* APLNetworkLayer.framework */; };
		829BC97321637F7900E188B9 /* SystemConfiguration.framework in Frameworks */ = {isa = PBXBuildFile; fileRef = 82752E672154E450003C6C29 /* SystemConfiguration.framework */; };
		829BC97421637F8700E188B9 /* APLNetworkLayer.h in Headers */ = {isa = PBXBuildFile; fileRef = 8D5CCF7C20F8D1F800BE8D8A /* APLNetworkLayer.h */; settings = {ATTRIBUTES = (Public, ); }; };
		829BC97521637F8B00E188B9 /* NetworkReachabilityImpl.h in Headers */ = {isa = PBXBuildFile; fileRef = 82752E5C2154D0B8003C6C29 /* NetworkReachabilityImpl.h */; settings = {ATTRIBUTES = (Public, ); }; };
		829BC97621637FAF00E188B9 /* URLRequestExtension.swift in Sources */ = {isa = PBXBuildFile; fileRef = 821E23FF212ABAFD008069F1 /* URLRequestExtension.swift */; };
		829BC97721637FAF00E188B9 /* URLComponentsExtension.swift in Sources */ = {isa = PBXBuildFile; fileRef = 821E2401212AC021008069F1 /* URLComponentsExtension.swift */; };
		829BC97821637FAF00E188B9 /* HTTPURLResponseExtension.swift in Sources */ = {isa = PBXBuildFile; fileRef = 821E2405212ACB4A008069F1 /* HTTPURLResponseExtension.swift */; };
		829BC97921637FAF00E188B9 /* URLResponseExtension.swift in Sources */ = {isa = PBXBuildFile; fileRef = 82537234212ED9C50096F5E4 /* URLResponseExtension.swift */; };
		829BC97A21637FB700E188B9 /* HTTPFactory.swift in Sources */ = {isa = PBXBuildFile; fileRef = 824741A32155301900A0A63F /* HTTPFactory.swift */; };
		829BC97B21637FB700E188B9 /* HTTPHelper.swift in Sources */ = {isa = PBXBuildFile; fileRef = 821E72112126C2120027DD3F /* HTTPHelper.swift */; };
		829BC97C21637FB700E188B9 /* HTTPClientCore.swift in Sources */ = {isa = PBXBuildFile; fileRef = 825185742150DCAC006AF45F /* HTTPClientCore.swift */; };
		829BC97D21637FB700E188B9 /* ConvenienceRequestCreating.swift in Sources */ = {isa = PBXBuildFile; fileRef = 827C89B421511F6D00324B30 /* ConvenienceRequestCreating.swift */; };
		829BC97E21637FB700E188B9 /* ConvenienceRequestExecuting.swift in Sources */ = {isa = PBXBuildFile; fileRef = 827C89B621511F9400324B30 /* ConvenienceRequestExecuting.swift */; };
		829BC97F21637FB800E188B9 /* HTTPClientConcrete.swift in Sources */ = {isa = PBXBuildFile; fileRef = 6AC4D6872111D34500B80790 /* HTTPClientConcrete.swift */; };
		829BC98021637FB800E188B9 /* HTTPClientConfiguration.swift in Sources */ = {isa = PBXBuildFile; fileRef = 8265306021500A79003C34DE /* HTTPClientConfiguration.swift */; };
		829BC98121637FB800E188B9 /* HTTPClientConfigurationConcrete.swift in Sources */ = {isa = PBXBuildFile; fileRef = 8D5CCF8420F8D25300BE8D8A /* HTTPClientConfigurationConcrete.swift */; };
		829BC98221637FB800E188B9 /* HTTPRequest.swift in Sources */ = {isa = PBXBuildFile; fileRef = 8D5CCF8820F8D6C400BE8D8A /* HTTPRequest.swift */; };
		829BC98321637FB800E188B9 /* HTTPRequestConcrete.swift in Sources */ = {isa = PBXBuildFile; fileRef = 8D49F1D220FF7EFE00C62301 /* HTTPRequestConcrete.swift */; };
		829BC98421637FB800E188B9 /* HTTPTask.swift in Sources */ = {isa = PBXBuildFile; fileRef = 82136235212C701D00644165 /* HTTPTask.swift */; };
		829BC98521637FB800E188B9 /* HTTPTaskConcrete.swift in Sources */ = {isa = PBXBuildFile; fileRef = 82136231212C6B7400644165 /* HTTPTaskConcrete.swift */; };
		829BC98621637FB800E188B9 /* HTTPResponse.swift in Sources */ = {isa = PBXBuildFile; fileRef = 82E17BF2212D9E9600AE9D38 /* HTTPResponse.swift */; };
		829BC98721637FB800E188B9 /* HTTPResponseConcrete.swift in Sources */ = {isa = PBXBuildFile; fileRef = 82E17BF4212D9EA400AE9D38 /* HTTPResponseConcrete.swift */; };
		829BC98821637FB800E188B9 /* RequestDelegate.swift in Sources */ = {isa = PBXBuildFile; fileRef = 82560AD121352B910059042F /* RequestDelegate.swift */; };
		829BC98921637FB800E188B9 /* BatchTask.swift in Sources */ = {isa = PBXBuildFile; fileRef = 82D205A32146C5B100B64B33 /* BatchTask.swift */; };
		829BC98A21637FB800E188B9 /* BatchTaskConcrete.swift in Sources */ = {isa = PBXBuildFile; fileRef = 82D205A62146C5E300B64B33 /* BatchTaskConcrete.swift */; };
		829BC98B21637FBE00E188B9 /* NetworkReachabilityObserver.swift in Sources */ = {isa = PBXBuildFile; fileRef = 82752E602154D0E7003C6C29 /* NetworkReachabilityObserver.swift */; };
		829BC98C21637FBE00E188B9 /* NetworkReachability.swift in Sources */ = {isa = PBXBuildFile; fileRef = 82752E632154D2C0003C6C29 /* NetworkReachability.swift */; };
		829BC98D21637FC100E188B9 /* NetworkReachabilityImpl.m in Sources */ = {isa = PBXBuildFile; fileRef = 82752E5D2154D0B8003C6C29 /* NetworkReachabilityImpl.m */; };
		829BC9932163806800E188B9 /* ClientConfigurationTests.swift in Sources */ = {isa = PBXBuildFile; fileRef = 82688618212465F5009C1764 /* ClientConfigurationTests.swift */; };
		82E78CCD2167893900C44C4E /* RequestTaskAbsoluteURLTasks.swift in Sources */ = {isa = PBXBuildFile; fileRef = 82E78CCC2167893900C44C4E /* RequestTaskAbsoluteURLTasks.swift */; };
		82E78CCF2167896000C44C4E /* RequestTaskRelativeURLTests.swift in Sources */ = {isa = PBXBuildFile; fileRef = 82E78CCE2167896000C44C4E /* RequestTaskRelativeURLTests.swift */; };
/* End PBXBuildFile section */

/* Begin PBXContainerItemProxy section */
		829BC96621637F2900E188B9 /* PBXContainerItemProxy */ = {
			isa = PBXContainerItemProxy;
			containerPortal = 8D5CCF7020F8D1F800BE8D8A /* Project object */;
			proxyType = 1;
			remoteGlobalIDString = 829BC95B21637F2800E188B9;
			remoteInfo = APLNetworkLayer;
		};
/* End PBXContainerItemProxy section */

/* Begin PBXFileReference section */
		6AB5DC5E210E260B00D96C37 /* Requirements-NetworkLayer.rtf */ = {isa = PBXFileReference; lastKnownFileType = text.rtf; path = "Requirements-NetworkLayer.rtf"; sourceTree = "<group>"; };
		6AC4D6872111D34500B80790 /* HTTPClientConcrete.swift */ = {isa = PBXFileReference; lastKnownFileType = sourcecode.swift; path = HTTPClientConcrete.swift; sourceTree = "<group>"; };
		82136231212C6B7400644165 /* HTTPTaskConcrete.swift */ = {isa = PBXFileReference; lastKnownFileType = sourcecode.swift; path = HTTPTaskConcrete.swift; sourceTree = "<group>"; };
		82136235212C701D00644165 /* HTTPTask.swift */ = {isa = PBXFileReference; lastKnownFileType = sourcecode.swift; path = HTTPTask.swift; sourceTree = "<group>"; };
		821E23FF212ABAFD008069F1 /* URLRequestExtension.swift */ = {isa = PBXFileReference; lastKnownFileType = sourcecode.swift; path = URLRequestExtension.swift; sourceTree = "<group>"; };
		821E2401212AC021008069F1 /* URLComponentsExtension.swift */ = {isa = PBXFileReference; lastKnownFileType = sourcecode.swift; path = URLComponentsExtension.swift; sourceTree = "<group>"; };
		821E2405212ACB4A008069F1 /* HTTPURLResponseExtension.swift */ = {isa = PBXFileReference; lastKnownFileType = sourcecode.swift; path = HTTPURLResponseExtension.swift; sourceTree = "<group>"; };
		821E72112126C2120027DD3F /* HTTPHelper.swift */ = {isa = PBXFileReference; lastKnownFileType = sourcecode.swift; path = HTTPHelper.swift; sourceTree = "<group>"; };
		824741A32155301900A0A63F /* HTTPFactory.swift */ = {isa = PBXFileReference; lastKnownFileType = sourcecode.swift; path = HTTPFactory.swift; sourceTree = "<group>"; };
		825185742150DCAC006AF45F /* HTTPClientCore.swift */ = {isa = PBXFileReference; lastKnownFileType = sourcecode.swift; path = HTTPClientCore.swift; sourceTree = "<group>"; };
		82537234212ED9C50096F5E4 /* URLResponseExtension.swift */ = {isa = PBXFileReference; lastKnownFileType = sourcecode.swift; path = URLResponseExtension.swift; sourceTree = "<group>"; };
		82560AD121352B910059042F /* RequestDelegate.swift */ = {isa = PBXFileReference; lastKnownFileType = sourcecode.swift; path = RequestDelegate.swift; sourceTree = "<group>"; };
		8265306021500A79003C34DE /* HTTPClientConfiguration.swift */ = {isa = PBXFileReference; lastKnownFileType = sourcecode.swift; path = HTTPClientConfiguration.swift; sourceTree = "<group>"; };
		8268860F21246187009C1764 /* Info.plist */ = {isa = PBXFileReference; lastKnownFileType = text.plist.xml; path = Info.plist; sourceTree = "<group>"; };
		82688618212465F5009C1764 /* ClientConfigurationTests.swift */ = {isa = PBXFileReference; lastKnownFileType = sourcecode.swift; path = ClientConfigurationTests.swift; sourceTree = "<group>"; };
		82752E5C2154D0B8003C6C29 /* NetworkReachabilityImpl.h */ = {isa = PBXFileReference; lastKnownFileType = sourcecode.c.h; path = NetworkReachabilityImpl.h; sourceTree = "<group>"; };
		82752E5D2154D0B8003C6C29 /* NetworkReachabilityImpl.m */ = {isa = PBXFileReference; lastKnownFileType = sourcecode.c.objc; path = NetworkReachabilityImpl.m; sourceTree = "<group>"; };
		82752E602154D0E7003C6C29 /* NetworkReachabilityObserver.swift */ = {isa = PBXFileReference; lastKnownFileType = sourcecode.swift; path = NetworkReachabilityObserver.swift; sourceTree = "<group>"; };
		82752E632154D2C0003C6C29 /* NetworkReachability.swift */ = {isa = PBXFileReference; lastKnownFileType = sourcecode.swift; path = NetworkReachability.swift; sourceTree = "<group>"; };
		82752E672154E450003C6C29 /* SystemConfiguration.framework */ = {isa = PBXFileReference; lastKnownFileType = wrapper.framework; name = SystemConfiguration.framework; path = System/Library/Frameworks/SystemConfiguration.framework; sourceTree = SDKROOT; };
		827C89B421511F6D00324B30 /* ConvenienceRequestCreating.swift */ = {isa = PBXFileReference; lastKnownFileType = sourcecode.swift; path = ConvenienceRequestCreating.swift; sourceTree = "<group>"; };
		827C89B621511F9400324B30 /* ConvenienceRequestExecuting.swift */ = {isa = PBXFileReference; lastKnownFileType = sourcecode.swift; path = ConvenienceRequestExecuting.swift; sourceTree = "<group>"; };
		829BC95C21637F2800E188B9 /* APLNetworkLayer.framework */ = {isa = PBXFileReference; explicitFileType = wrapper.framework; includeInIndex = 0; path = APLNetworkLayer.framework; sourceTree = BUILT_PRODUCTS_DIR; };
		829BC96421637F2900E188B9 /* APLNetworkLayerTests.xctest */ = {isa = PBXFileReference; explicitFileType = wrapper.cfbundle; includeInIndex = 0; path = APLNetworkLayerTests.xctest; sourceTree = BUILT_PRODUCTS_DIR; };
		82D205A32146C5B100B64B33 /* BatchTask.swift */ = {isa = PBXFileReference; lastKnownFileType = sourcecode.swift; path = BatchTask.swift; sourceTree = "<group>"; };
		82D205A62146C5E300B64B33 /* BatchTaskConcrete.swift */ = {isa = PBXFileReference; lastKnownFileType = sourcecode.swift; path = BatchTaskConcrete.swift; sourceTree = "<group>"; };
		82E17BF2212D9E9600AE9D38 /* HTTPResponse.swift */ = {isa = PBXFileReference; lastKnownFileType = sourcecode.swift; path = HTTPResponse.swift; sourceTree = "<group>"; };
		82E17BF4212D9EA400AE9D38 /* HTTPResponseConcrete.swift */ = {isa = PBXFileReference; lastKnownFileType = sourcecode.swift; path = HTTPResponseConcrete.swift; sourceTree = "<group>"; };
		82E78CCC2167893900C44C4E /* RequestTaskAbsoluteURLTasks.swift */ = {isa = PBXFileReference; lastKnownFileType = sourcecode.swift; path = RequestTaskAbsoluteURLTasks.swift; sourceTree = "<group>"; };
		82E78CCE2167896000C44C4E /* RequestTaskRelativeURLTests.swift */ = {isa = PBXFileReference; lastKnownFileType = sourcecode.swift; path = RequestTaskRelativeURLTests.swift; sourceTree = "<group>"; };
		8D49F1D220FF7EFE00C62301 /* HTTPRequestConcrete.swift */ = {isa = PBXFileReference; lastKnownFileType = sourcecode.swift; path = HTTPRequestConcrete.swift; sourceTree = "<group>"; };
		8D5CCF7C20F8D1F800BE8D8A /* APLNetworkLayer.h */ = {isa = PBXFileReference; lastKnownFileType = sourcecode.c.h; path = APLNetworkLayer.h; sourceTree = "<group>"; };
		8D5CCF7D20F8D1F800BE8D8A /* Info.plist */ = {isa = PBXFileReference; lastKnownFileType = text.plist.xml; path = Info.plist; sourceTree = "<group>"; };
		8D5CCF8420F8D25300BE8D8A /* HTTPClientConfigurationConcrete.swift */ = {isa = PBXFileReference; lastKnownFileType = sourcecode.swift; path = HTTPClientConfigurationConcrete.swift; sourceTree = "<group>"; };
		8D5CCF8820F8D6C400BE8D8A /* HTTPRequest.swift */ = {isa = PBXFileReference; lastKnownFileType = sourcecode.swift; path = HTTPRequest.swift; sourceTree = "<group>"; };
/* End PBXFileReference section */

/* Begin PBXFrameworksBuildPhase section */
		829BC95921637F2800E188B9 /* Frameworks */ = {
			isa = PBXFrameworksBuildPhase;
			buildActionMask = 2147483647;
			files = (
				829BC97321637F7900E188B9 /* SystemConfiguration.framework in Frameworks */,
			);
			runOnlyForDeploymentPostprocessing = 0;
		};
		829BC96121637F2900E188B9 /* Frameworks */ = {
			isa = PBXFrameworksBuildPhase;
			buildActionMask = 2147483647;
			files = (
				829BC96521637F2900E188B9 /* APLNetworkLayer.framework in Frameworks */,
			);
			runOnlyForDeploymentPostprocessing = 0;
		};
/* End PBXFrameworksBuildPhase section */

/* Begin PBXGroup section */
		821E23FE212ABAE4008069F1 /* Extensions */ = {
			isa = PBXGroup;
			children = (
				821E23FF212ABAFD008069F1 /* URLRequestExtension.swift */,
				821E2401212AC021008069F1 /* URLComponentsExtension.swift */,
				821E2405212ACB4A008069F1 /* HTTPURLResponseExtension.swift */,
				82537234212ED9C50096F5E4 /* URLResponseExtension.swift */,
			);
			path = Extensions;
			sourceTree = "<group>";
		};
		8268860C21246187009C1764 /* APLNetworkLayerTests */ = {
			isa = PBXGroup;
			children = (
				8268860F21246187009C1764 /* Info.plist */,
				82688618212465F5009C1764 /* ClientConfigurationTests.swift */,
				82E78CCE2167896000C44C4E /* RequestTaskRelativeURLTests.swift */,
				82E78CCC2167893900C44C4E /* RequestTaskAbsoluteURLTasks.swift */,
			);
			path = APLNetworkLayerTests;
			sourceTree = "<group>";
		};
		82752E5B2154D078003C6C29 /* Reachability */ = {
			isa = PBXGroup;
			children = (
				82752E602154D0E7003C6C29 /* NetworkReachabilityObserver.swift */,
				82752E632154D2C0003C6C29 /* NetworkReachability.swift */,
				82752E652154D2C8003C6C29 /* Implementation */,
			);
			path = Reachability;
			sourceTree = "<group>";
		};
		82752E652154D2C8003C6C29 /* Implementation */ = {
			isa = PBXGroup;
			children = (
				82752E5C2154D0B8003C6C29 /* NetworkReachabilityImpl.h */,
				82752E5D2154D0B8003C6C29 /* NetworkReachabilityImpl.m */,
			);
			path = Implementation;
			sourceTree = "<group>";
		};
		82752E662154E44F003C6C29 /* Frameworks */ = {
			isa = PBXGroup;
			children = (
				82752E672154E450003C6C29 /* SystemConfiguration.framework */,
			);
			name = Frameworks;
			sourceTree = "<group>";
		};
		8D5CCF6F20F8D1F800BE8D8A = {
			isa = PBXGroup;
			children = (
				6AB5DC5E210E260B00D96C37 /* Requirements-NetworkLayer.rtf */,
				8D5CCF7B20F8D1F800BE8D8A /* APLNetworkLayer */,
				8268860C21246187009C1764 /* APLNetworkLayerTests */,
				8D5CCF7A20F8D1F800BE8D8A /* Products */,
				82752E662154E44F003C6C29 /* Frameworks */,
			);
			sourceTree = "<group>";
		};
		8D5CCF7A20F8D1F800BE8D8A /* Products */ = {
			isa = PBXGroup;
			children = (
				829BC95C21637F2800E188B9 /* APLNetworkLayer.framework */,
				829BC96421637F2900E188B9 /* APLNetworkLayerTests.xctest */,
			);
			name = Products;
			sourceTree = "<group>";
		};
		8D5CCF7B20F8D1F800BE8D8A /* APLNetworkLayer */ = {
			isa = PBXGroup;
			children = (
				821E23FE212ABAE4008069F1 /* Extensions */,
				8D5CCF7C20F8D1F800BE8D8A /* APLNetworkLayer.h */,
				8D5CCF7D20F8D1F800BE8D8A /* Info.plist */,
				8DE809AC20FE229800F310DA /* NetworkService */,
				82752E5B2154D078003C6C29 /* Reachability */,
			);
			name = APLNetworkLayer;
			path = Classes;
			sourceTree = "<group>";
		};
		8DE809AC20FE229800F310DA /* NetworkService */ = {
			isa = PBXGroup;
			children = (
				824741A32155301900A0A63F /* HTTPFactory.swift */,
				821E72112126C2120027DD3F /* HTTPHelper.swift */,
				825185742150DCAC006AF45F /* HTTPClientCore.swift */,
				827C89B421511F6D00324B30 /* ConvenienceRequestCreating.swift */,
				827C89B621511F9400324B30 /* ConvenienceRequestExecuting.swift */,
				6AC4D6872111D34500B80790 /* HTTPClientConcrete.swift */,
				8265306021500A79003C34DE /* HTTPClientConfiguration.swift */,
				8D5CCF8420F8D25300BE8D8A /* HTTPClientConfigurationConcrete.swift */,
				8D5CCF8820F8D6C400BE8D8A /* HTTPRequest.swift */,
				8D49F1D220FF7EFE00C62301 /* HTTPRequestConcrete.swift */,
				82136235212C701D00644165 /* HTTPTask.swift */,
				82136231212C6B7400644165 /* HTTPTaskConcrete.swift */,
				82E17BF2212D9E9600AE9D38 /* HTTPResponse.swift */,
				82E17BF4212D9EA400AE9D38 /* HTTPResponseConcrete.swift */,
				82560AD121352B910059042F /* RequestDelegate.swift */,
				82D205A32146C5B100B64B33 /* BatchTask.swift */,
				82D205A62146C5E300B64B33 /* BatchTaskConcrete.swift */,
			);
			path = NetworkService;
			sourceTree = "<group>";
		};
/* End PBXGroup section */

/* Begin PBXHeadersBuildPhase section */
		829BC95721637F2800E188B9 /* Headers */ = {
			isa = PBXHeadersBuildPhase;
			buildActionMask = 2147483647;
			files = (
				829BC97421637F8700E188B9 /* APLNetworkLayer.h in Headers */,
				829BC97521637F8B00E188B9 /* NetworkReachabilityImpl.h in Headers */,
			);
			runOnlyForDeploymentPostprocessing = 0;
		};
/* End PBXHeadersBuildPhase section */

/* Begin PBXNativeTarget section */
		829BC95B21637F2800E188B9 /* APLNetworkLayer */ = {
			isa = PBXNativeTarget;
			buildConfigurationList = 829BC96D21637F2900E188B9 /* Build configuration list for PBXNativeTarget "APLNetworkLayer" */;
			buildPhases = (
				829BC95721637F2800E188B9 /* Headers */,
				829BC95821637F2800E188B9 /* Sources */,
				829BC95921637F2800E188B9 /* Frameworks */,
				829BC95A21637F2800E188B9 /* Resources */,
			);
			buildRules = (
			);
			dependencies = (
			);
			name = APLNetworkLayer;
			productName = APLNetworkLayer;
			productReference = 829BC95C21637F2800E188B9 /* APLNetworkLayer.framework */;
			productType = "com.apple.product-type.framework";
		};
		829BC96321637F2900E188B9 /* APLNetworkLayerTests */ = {
			isa = PBXNativeTarget;
			buildConfigurationList = 829BC97021637F2900E188B9 /* Build configuration list for PBXNativeTarget "APLNetworkLayerTests" */;
			buildPhases = (
				829BC96021637F2900E188B9 /* Sources */,
				829BC96121637F2900E188B9 /* Frameworks */,
				829BC96221637F2900E188B9 /* Resources */,
			);
			buildRules = (
			);
			dependencies = (
				829BC96721637F2900E188B9 /* PBXTargetDependency */,
			);
			name = APLNetworkLayerTests;
			productName = APLNetworkLayerTests;
			productReference = 829BC96421637F2900E188B9 /* APLNetworkLayerTests.xctest */;
			productType = "com.apple.product-type.bundle.unit-test";
		};
/* End PBXNativeTarget section */

/* Begin PBXProject section */
		8D5CCF7020F8D1F800BE8D8A /* Project object */ = {
			isa = PBXProject;
			attributes = {
				LastSwiftUpdateCheck = 0940;
				LastUpgradeCheck = 0940;
				ORGANIZATIONNAME = de.apploft;
				TargetAttributes = {
					829BC95B21637F2800E188B9 = {
						CreatedOnToolsVersion = 10.0;
					};
					829BC96321637F2900E188B9 = {
						CreatedOnToolsVersion = 10.0;
					};
				};
			};
			buildConfigurationList = 8D5CCF7320F8D1F800BE8D8A /* Build configuration list for PBXProject "APLNetworkLayer" */;
			compatibilityVersion = "Xcode 9.3";
			developmentRegion = en;
			hasScannedForEncodings = 0;
			knownRegions = (
				en,
			);
			mainGroup = 8D5CCF6F20F8D1F800BE8D8A;
			productRefGroup = 8D5CCF7A20F8D1F800BE8D8A /* Products */;
			projectDirPath = "";
			projectRoot = "";
			targets = (
				829BC95B21637F2800E188B9 /* APLNetworkLayer */,
				829BC96321637F2900E188B9 /* APLNetworkLayerTests */,
			);
		};
/* End PBXProject section */

/* Begin PBXResourcesBuildPhase section */
		829BC95A21637F2800E188B9 /* Resources */ = {
			isa = PBXResourcesBuildPhase;
			buildActionMask = 2147483647;
			files = (
			);
			runOnlyForDeploymentPostprocessing = 0;
		};
		829BC96221637F2900E188B9 /* Resources */ = {
			isa = PBXResourcesBuildPhase;
			buildActionMask = 2147483647;
			files = (
			);
			runOnlyForDeploymentPostprocessing = 0;
		};
/* End PBXResourcesBuildPhase section */

/* Begin PBXSourcesBuildPhase section */
		829BC95821637F2800E188B9 /* Sources */ = {
			isa = PBXSourcesBuildPhase;
			buildActionMask = 2147483647;
			files = (
				829BC97621637FAF00E188B9 /* URLRequestExtension.swift in Sources */,
				829BC97721637FAF00E188B9 /* URLComponentsExtension.swift in Sources */,
				829BC97821637FAF00E188B9 /* HTTPURLResponseExtension.swift in Sources */,
				829BC98B21637FBE00E188B9 /* NetworkReachabilityObserver.swift in Sources */,
				829BC98D21637FC100E188B9 /* NetworkReachabilityImpl.m in Sources */,
				829BC98C21637FBE00E188B9 /* NetworkReachability.swift in Sources */,
				829BC97921637FAF00E188B9 /* URLResponseExtension.swift in Sources */,
				829BC97A21637FB700E188B9 /* HTTPFactory.swift in Sources */,
				829BC97B21637FB700E188B9 /* HTTPHelper.swift in Sources */,
				829BC97C21637FB700E188B9 /* HTTPClientCore.swift in Sources */,
				829BC97D21637FB700E188B9 /* ConvenienceRequestCreating.swift in Sources */,
				829BC97E21637FB700E188B9 /* ConvenienceRequestExecuting.swift in Sources */,
				829BC97F21637FB800E188B9 /* HTTPClientConcrete.swift in Sources */,
				829BC98021637FB800E188B9 /* HTTPClientConfiguration.swift in Sources */,
				829BC98121637FB800E188B9 /* HTTPClientConfigurationConcrete.swift in Sources */,
				829BC98221637FB800E188B9 /* HTTPRequest.swift in Sources */,
				829BC98321637FB800E188B9 /* HTTPRequestConcrete.swift in Sources */,
				829BC98421637FB800E188B9 /* HTTPTask.swift in Sources */,
				829BC98521637FB800E188B9 /* HTTPTaskConcrete.swift in Sources */,
				829BC98621637FB800E188B9 /* HTTPResponse.swift in Sources */,
				829BC98721637FB800E188B9 /* HTTPResponseConcrete.swift in Sources */,
				829BC98821637FB800E188B9 /* RequestDelegate.swift in Sources */,
				829BC98921637FB800E188B9 /* BatchTask.swift in Sources */,
				829BC98A21637FB800E188B9 /* BatchTaskConcrete.swift in Sources */,
			);
			runOnlyForDeploymentPostprocessing = 0;
		};
		829BC96021637F2900E188B9 /* Sources */ = {
			isa = PBXSourcesBuildPhase;
			buildActionMask = 2147483647;
			files = (
				82E78CCD2167893900C44C4E /* RequestTaskAbsoluteURLTasks.swift in Sources */,
				82E78CCF2167896000C44C4E /* RequestTaskRelativeURLTests.swift in Sources */,
				829BC9932163806800E188B9 /* ClientConfigurationTests.swift in Sources */,
			);
			runOnlyForDeploymentPostprocessing = 0;
		};
/* End PBXSourcesBuildPhase section */

/* Begin PBXTargetDependency section */
		829BC96721637F2900E188B9 /* PBXTargetDependency */ = {
			isa = PBXTargetDependency;
			target = 829BC95B21637F2800E188B9 /* APLNetworkLayer */;
			targetProxy = 829BC96621637F2900E188B9 /* PBXContainerItemProxy */;
		};
/* End PBXTargetDependency section */

/* Begin XCBuildConfiguration section */
		829BC96E21637F2900E188B9 /* Debug */ = {
			isa = XCBuildConfiguration;
			buildSettings = {
				CODE_SIGN_IDENTITY = "";
				CODE_SIGN_STYLE = Automatic;
				DEFINES_MODULE = YES;
				DEVELOPMENT_TEAM = ZKNRVN92RA;
				DYLIB_COMPATIBILITY_VERSION = 1;
				DYLIB_CURRENT_VERSION = 1;
				DYLIB_INSTALL_NAME_BASE = "@rpath";
				INFOPLIST_FILE = "$(SRCROOT)/Classes/Info.plist";
				INSTALL_PATH = "$(LOCAL_LIBRARY_DIR)/Frameworks";
				IPHONEOS_DEPLOYMENT_TARGET = 11.0;
				LD_RUNPATH_SEARCH_PATHS = (
					"$(inherited)",
					"@executable_path/Frameworks",
					"@loader_path/Frameworks",
				);
				MTL_ENABLE_DEBUG_INFO = INCLUDE_SOURCE;
				MTL_FAST_MATH = YES;
				PRODUCT_BUNDLE_IDENTIFIER = de.apploft.APLNetworkLayer;
				PRODUCT_NAME = "$(TARGET_NAME:c99extidentifier)";
				SKIP_INSTALL = YES;
				SWIFT_VERSION = 4.0;
				TARGETED_DEVICE_FAMILY = "1,2";
			};
			name = Debug;
		};
		829BC96F21637F2900E188B9 /* Release */ = {
			isa = XCBuildConfiguration;
			buildSettings = {
				CODE_SIGN_IDENTITY = "";
				CODE_SIGN_STYLE = Automatic;
				DEFINES_MODULE = YES;
				DEVELOPMENT_TEAM = ZKNRVN92RA;
				DYLIB_COMPATIBILITY_VERSION = 1;
				DYLIB_CURRENT_VERSION = 1;
				DYLIB_INSTALL_NAME_BASE = "@rpath";
				INFOPLIST_FILE = "$(SRCROOT)/Classes/Info.plist";
				INSTALL_PATH = "$(LOCAL_LIBRARY_DIR)/Frameworks";
				IPHONEOS_DEPLOYMENT_TARGET = 11.0;
				LD_RUNPATH_SEARCH_PATHS = (
					"$(inherited)",
					"@executable_path/Frameworks",
					"@loader_path/Frameworks",
				);
				MTL_FAST_MATH = YES;
				PRODUCT_BUNDLE_IDENTIFIER = de.apploft.APLNetworkLayer;
				PRODUCT_NAME = "$(TARGET_NAME:c99extidentifier)";
				SKIP_INSTALL = YES;
				SWIFT_VERSION = 4.0;
				TARGETED_DEVICE_FAMILY = "1,2";
			};
			name = Release;
		};
		829BC97121637F2900E188B9 /* Debug */ = {
			isa = XCBuildConfiguration;
			buildSettings = {
				ALWAYS_EMBED_SWIFT_STANDARD_LIBRARIES = YES;
				CODE_SIGN_STYLE = Automatic;
				DEVELOPMENT_TEAM = ZKNRVN92RA;
				INFOPLIST_FILE = APLNetworkLayerTests/Info.plist;
				IPHONEOS_DEPLOYMENT_TARGET = 11.4;
				LD_RUNPATH_SEARCH_PATHS = (
					"$(inherited)",
					"@executable_path/Frameworks",
					"@loader_path/Frameworks",
				);
				MTL_ENABLE_DEBUG_INFO = INCLUDE_SOURCE;
				MTL_FAST_MATH = YES;
				PRODUCT_BUNDLE_IDENTIFIER = de.apploft.APLNetworkLayerTests;
				PRODUCT_NAME = "$(TARGET_NAME)";
				SWIFT_VERSION = 4.0;
				TARGETED_DEVICE_FAMILY = "1,2";
			};
			name = Debug;
		};
		829BC97221637F2900E188B9 /* Release */ = {
			isa = XCBuildConfiguration;
			buildSettings = {
				ALWAYS_EMBED_SWIFT_STANDARD_LIBRARIES = YES;
				CODE_SIGN_STYLE = Automatic;
				DEVELOPMENT_TEAM = ZKNRVN92RA;
				INFOPLIST_FILE = APLNetworkLayerTests/Info.plist;
				IPHONEOS_DEPLOYMENT_TARGET = 11.4;
				LD_RUNPATH_SEARCH_PATHS = (
					"$(inherited)",
					"@executable_path/Frameworks",
					"@loader_path/Frameworks",
				);
				MTL_FAST_MATH = YES;
				PRODUCT_BUNDLE_IDENTIFIER = de.apploft.APLNetworkLayerTests;
				PRODUCT_NAME = "$(TARGET_NAME)";
				SWIFT_VERSION = 4.0;
				TARGETED_DEVICE_FAMILY = "1,2";
			};
			name = Release;
		};
		8D5CCF7F20F8D1F800BE8D8A /* Debug */ = {
			isa = XCBuildConfiguration;
			buildSettings = {
				ALWAYS_SEARCH_USER_PATHS = NO;
				CLANG_ANALYZER_NONNULL = YES;
				CLANG_ANALYZER_NUMBER_OBJECT_CONVERSION = YES_AGGRESSIVE;
				CLANG_CXX_LANGUAGE_STANDARD = "gnu++14";
				CLANG_CXX_LIBRARY = "libc++";
				CLANG_ENABLE_MODULES = YES;
				CLANG_ENABLE_OBJC_ARC = YES;
				CLANG_ENABLE_OBJC_WEAK = YES;
				CLANG_WARN_BLOCK_CAPTURE_AUTORELEASING = YES;
				CLANG_WARN_BOOL_CONVERSION = YES;
				CLANG_WARN_COMMA = YES;
				CLANG_WARN_CONSTANT_CONVERSION = YES;
				CLANG_WARN_DEPRECATED_OBJC_IMPLEMENTATIONS = YES;
				CLANG_WARN_DIRECT_OBJC_ISA_USAGE = YES_ERROR;
				CLANG_WARN_DOCUMENTATION_COMMENTS = YES;
				CLANG_WARN_EMPTY_BODY = YES;
				CLANG_WARN_ENUM_CONVERSION = YES;
				CLANG_WARN_INFINITE_RECURSION = YES;
				CLANG_WARN_INT_CONVERSION = YES;
				CLANG_WARN_NON_LITERAL_NULL_CONVERSION = YES;
				CLANG_WARN_OBJC_IMPLICIT_RETAIN_SELF = YES;
				CLANG_WARN_OBJC_LITERAL_CONVERSION = YES;
				CLANG_WARN_OBJC_ROOT_CLASS = YES_ERROR;
				CLANG_WARN_RANGE_LOOP_ANALYSIS = YES;
				CLANG_WARN_STRICT_PROTOTYPES = YES;
				CLANG_WARN_SUSPICIOUS_MOVE = YES;
				CLANG_WARN_UNGUARDED_AVAILABILITY = YES_AGGRESSIVE;
				CLANG_WARN_UNREACHABLE_CODE = YES;
				CLANG_WARN__DUPLICATE_METHOD_MATCH = YES;
				CODE_SIGN_IDENTITY = "iPhone Developer";
				COPY_PHASE_STRIP = NO;
				CURRENT_PROJECT_VERSION = 1;
				DEBUG_INFORMATION_FORMAT = dwarf;
				ENABLE_STRICT_OBJC_MSGSEND = YES;
				ENABLE_TESTABILITY = YES;
				GCC_C_LANGUAGE_STANDARD = gnu11;
				GCC_DYNAMIC_NO_PIC = NO;
				GCC_NO_COMMON_BLOCKS = YES;
				GCC_OPTIMIZATION_LEVEL = 0;
				GCC_PREPROCESSOR_DEFINITIONS = (
					"DEBUG=1",
					"$(inherited)",
				);
				GCC_WARN_64_TO_32_BIT_CONVERSION = YES;
				GCC_WARN_ABOUT_RETURN_TYPE = YES_ERROR;
				GCC_WARN_UNDECLARED_SELECTOR = YES;
				GCC_WARN_UNINITIALIZED_AUTOS = YES_AGGRESSIVE;
				GCC_WARN_UNUSED_FUNCTION = YES;
				GCC_WARN_UNUSED_VARIABLE = YES;
				IPHONEOS_DEPLOYMENT_TARGET = 11.0;
				MTL_ENABLE_DEBUG_INFO = YES;
				ONLY_ACTIVE_ARCH = YES;
				SDKROOT = iphoneos;
				SWIFT_ACTIVE_COMPILATION_CONDITIONS = DEBUG;
				SWIFT_OPTIMIZATION_LEVEL = "-Onone";
				VERSIONING_SYSTEM = "apple-generic";
				VERSION_INFO_PREFIX = "";
			};
			name = Debug;
		};
		8D5CCF8020F8D1F800BE8D8A /* Release */ = {
			isa = XCBuildConfiguration;
			buildSettings = {
				ALWAYS_SEARCH_USER_PATHS = NO;
				CLANG_ANALYZER_NONNULL = YES;
				CLANG_ANALYZER_NUMBER_OBJECT_CONVERSION = YES_AGGRESSIVE;
				CLANG_CXX_LANGUAGE_STANDARD = "gnu++14";
				CLANG_CXX_LIBRARY = "libc++";
				CLANG_ENABLE_MODULES = YES;
				CLANG_ENABLE_OBJC_ARC = YES;
				CLANG_ENABLE_OBJC_WEAK = YES;
				CLANG_WARN_BLOCK_CAPTURE_AUTORELEASING = YES;
				CLANG_WARN_BOOL_CONVERSION = YES;
				CLANG_WARN_COMMA = YES;
				CLANG_WARN_CONSTANT_CONVERSION = YES;
				CLANG_WARN_DEPRECATED_OBJC_IMPLEMENTATIONS = YES;
				CLANG_WARN_DIRECT_OBJC_ISA_USAGE = YES_ERROR;
				CLANG_WARN_DOCUMENTATION_COMMENTS = YES;
				CLANG_WARN_EMPTY_BODY = YES;
				CLANG_WARN_ENUM_CONVERSION = YES;
				CLANG_WARN_INFINITE_RECURSION = YES;
				CLANG_WARN_INT_CONVERSION = YES;
				CLANG_WARN_NON_LITERAL_NULL_CONVERSION = YES;
				CLANG_WARN_OBJC_IMPLICIT_RETAIN_SELF = YES;
				CLANG_WARN_OBJC_LITERAL_CONVERSION = YES;
				CLANG_WARN_OBJC_ROOT_CLASS = YES_ERROR;
				CLANG_WARN_RANGE_LOOP_ANALYSIS = YES;
				CLANG_WARN_STRICT_PROTOTYPES = YES;
				CLANG_WARN_SUSPICIOUS_MOVE = YES;
				CLANG_WARN_UNGUARDED_AVAILABILITY = YES_AGGRESSIVE;
				CLANG_WARN_UNREACHABLE_CODE = YES;
				CLANG_WARN__DUPLICATE_METHOD_MATCH = YES;
				CODE_SIGN_IDENTITY = "iPhone Developer";
				COPY_PHASE_STRIP = NO;
				CURRENT_PROJECT_VERSION = 1;
				DEBUG_INFORMATION_FORMAT = "dwarf-with-dsym";
				ENABLE_NS_ASSERTIONS = NO;
				ENABLE_STRICT_OBJC_MSGSEND = YES;
				GCC_C_LANGUAGE_STANDARD = gnu11;
				GCC_NO_COMMON_BLOCKS = YES;
				GCC_WARN_64_TO_32_BIT_CONVERSION = YES;
				GCC_WARN_ABOUT_RETURN_TYPE = YES_ERROR;
				GCC_WARN_UNDECLARED_SELECTOR = YES;
				GCC_WARN_UNINITIALIZED_AUTOS = YES_AGGRESSIVE;
				GCC_WARN_UNUSED_FUNCTION = YES;
				GCC_WARN_UNUSED_VARIABLE = YES;
				IPHONEOS_DEPLOYMENT_TARGET = 11.0;
				MTL_ENABLE_DEBUG_INFO = NO;
				SDKROOT = iphoneos;
				SWIFT_COMPILATION_MODE = wholemodule;
				SWIFT_OPTIMIZATION_LEVEL = "-O";
				VALIDATE_PRODUCT = YES;
				VERSIONING_SYSTEM = "apple-generic";
				VERSION_INFO_PREFIX = "";
			};
			name = Release;
		};
/* End XCBuildConfiguration section */

/* Begin XCConfigurationList section */
		829BC96D21637F2900E188B9 /* Build configuration list for PBXNativeTarget "APLNetworkLayer" */ = {
			isa = XCConfigurationList;
			buildConfigurations = (
				829BC96E21637F2900E188B9 /* Debug */,
				829BC96F21637F2900E188B9 /* Release */,
			);
			defaultConfigurationIsVisible = 0;
			defaultConfigurationName = Release;
		};
		829BC97021637F2900E188B9 /* Build configuration list for PBXNativeTarget "APLNetworkLayerTests" */ = {
			isa = XCConfigurationList;
			buildConfigurations = (
				829BC97121637F2900E188B9 /* Debug */,
				829BC97221637F2900E188B9 /* Release */,
			);
			defaultConfigurationIsVisible = 0;
			defaultConfigurationName = Release;
		};
		8D5CCF7320F8D1F800BE8D8A /* Build configuration list for PBXProject "APLNetworkLayer" */ = {
			isa = XCConfigurationList;
			buildConfigurations = (
				8D5CCF7F20F8D1F800BE8D8A /* Debug */,
				8D5CCF8020F8D1F800BE8D8A /* Release */,
			);
			defaultConfigurationIsVisible = 0;
			defaultConfigurationName = Release;
		};
/* End XCConfigurationList section */
	};
	rootObject = 8D5CCF7020F8D1F800BE8D8A /* Project object */;
}
